
Microsoft Visual Studio Solution File, Format Version 12.00
# Visual Studio Version 17
VisualStudioVersion = 17.7.34009.444
MinimumVisualStudioVersion = 10.0.40219.1
Project("{FAE04EC0-301F-11D3-BF4B-00C04F79EFBC}") = "CinemaManagementApp", "CinemaManagementApp\CinemaManagementApp.csproj", "{CC61D09D-41AC-4AF9-A618-99DE3A664842}"
EndProject
Global
	GlobalSection(SolutionConfigurationPlatforms) = preSolution
		Debug|Any CPU = Debug|Any CPU
		Release|Any CPU = Release|Any CPU
	EndGlobalSection
	GlobalSection(ProjectConfigurationPlatforms) = postSolution
		{CC61D09D-41AC-4AF9-A618-99DE3A664842}.Debug|Any CPU.ActiveCfg = Debug|Any CPU
		{CC61D09D-41AC-4AF9-A618-99DE3A664842}.Debug|Any CPU.Build.0 = Debug|Any CPU
		{CC61D09D-41AC-4AF9-A618-99DE3A664842}.Release|Any CPU.ActiveCfg = Release|Any CPU
		{CC61D09D-41AC-4AF9-A618-99DE3A664842}.Release|Any CPU.Build.0 = Release|Any CPU
	EndGlobalSection
	GlobalSection(SolutionProperties) = preSolution
		HideSolutionNode = FALSE
	EndGlobalSection
	GlobalSection(ExtensibilityGlobals) = postSolution
		SolutionGuid = {D333F2F4-9038-4F3F-A7C9-6CC17BE77D03}
	EndGlobalSection
EndGlobal
